
Microsoft Visual Studio Solution File, Format Version 12.00
# Visual Studio Version 17
VisualStudioVersion = 17.0.31903.59
MinimumVisualStudioVersion = 10.0.40219.1
Project("{FAE04EC0-301F-11D3-BF4B-00C04F79EFBC}") = "Alternate", "Alternate\Alternate.csproj", "{D9D92D88-484A-4497-954B-9B953AB4DA41}"
EndProject
Project("{FAE04EC0-301F-11D3-BF4B-00C04F79EFBC}") = "CubeXYZ", "CubeXYZ\CubeXYZ.csproj", "{E2D903D2-2132-4779-9DA2-D787829F33A2}"
EndProject
Project("{FAE04EC0-301F-11D3-BF4B-00C04F79EFBC}") = "DrawOriented", "DrawOriented\DrawOriented.csproj", "{B0B4EDEA-DDAB-48D4-84AC-0B14DFEC8424}"
EndProject
Project("{FAE04EC0-301F-11D3-BF4B-00C04F79EFBC}") = "DrawRoof", "DrawRoof\DrawRoof.csproj", "{BBC21761-2D96-43D4-A9F2-B8D2C30AAA39}"
EndProject
Project("{FAE04EC0-301F-11D3-BF4B-00C04F79EFBC}") = "DrawWalls", "DrawWalls\DrawWalls.csproj", "{D498B3B0-79EB-443E-9547-2A80D408D2AE}"
EndProject
Project("{FAE04EC0-301F-11D3-BF4B-00C04F79EFBC}") = "EraseOriented", "EraseOriented\EraseOriented.csproj", "{87BF666D-D7EF-4974-B90B-5787507BB8CE}"
EndProject
Project("{FAE04EC0-301F-11D3-BF4B-00C04F79EFBC}") = "FillTop", "FillTop\FillTop.csproj", "{232AB007-D46E-4C00-984B-0E5D4051EF50}"
EndProject
Project("{FAE04EC0-301F-11D3-BF4B-00C04F79EFBC}") = "PaintOriented", "PaintOriented\PaintOriented.csproj", "{B99AAB05-74F1-4D65-886E-E8060D873DBE}"
EndProject
Global
	GlobalSection(SolutionConfigurationPlatforms) = preSolution
		Debug|Any CPU = Debug|Any CPU
		Debug|x64 = Debug|x64
		Debug|x86 = Debug|x86
		Release|Any CPU = Release|Any CPU
		Release|x64 = Release|x64
		Release|x86 = Release|x86
	EndGlobalSection
	GlobalSection(ProjectConfigurationPlatforms) = postSolution
		{D9D92D88-484A-4497-954B-9B953AB4DA41}.Debug|Any CPU.ActiveCfg = Debug|Any CPU
		{D9D92D88-484A-4497-954B-9B953AB4DA41}.Debug|Any CPU.Build.0 = Debug|Any CPU
		{D9D92D88-484A-4497-954B-9B953AB4DA41}.Debug|x64.ActiveCfg = Debug|Any CPU
		{D9D92D88-484A-4497-954B-9B953AB4DA41}.Debug|x64.Build.0 = Debug|Any CPU
		{D9D92D88-484A-4497-954B-9B953AB4DA41}.Debug|x86.ActiveCfg = Debug|Any CPU
		{D9D92D88-484A-4497-954B-9B953AB4DA41}.Debug|x86.Build.0 = Debug|Any CPU
		{D9D92D88-484A-4497-954B-9B953AB4DA41}.Release|Any CPU.ActiveCfg = Release|Any CPU
		{D9D92D88-484A-4497-954B-9B953AB4DA41}.Release|Any CPU.Build.0 = Release|Any CPU
		{D9D92D88-484A-4497-954B-9B953AB4DA41}.Release|x64.ActiveCfg = Release|Any CPU
		{D9D92D88-484A-4497-954B-9B953AB4DA41}.Release|x64.Build.0 = Release|Any CPU
		{D9D92D88-484A-4497-954B-9B953AB4DA41}.Release|x86.ActiveCfg = Release|Any CPU
		{D9D92D88-484A-4497-954B-9B953AB4DA41}.Release|x86.Build.0 = Release|Any CPU
		{E2D903D2-2132-4779-9DA2-D787829F33A2}.Debug|Any CPU.ActiveCfg = Debug|Any CPU
		{E2D903D2-2132-4779-9DA2-D787829F33A2}.Debug|Any CPU.Build.0 = Debug|Any CPU
		{E2D903D2-2132-4779-9DA2-D787829F33A2}.Debug|x64.ActiveCfg = Debug|Any CPU
		{E2D903D2-2132-4779-9DA2-D787829F33A2}.Debug|x64.Build.0 = Debug|Any CPU
		{E2D903D2-2132-4779-9DA2-D787829F33A2}.Debug|x86.ActiveCfg = Debug|Any CPU
		{E2D903D2-2132-4779-9DA2-D787829F33A2}.Debug|x86.Build.0 = Debug|Any CPU
		{E2D903D2-2132-4779-9DA2-D787829F33A2}.Release|Any CPU.ActiveCfg = Release|Any CPU
		{E2D903D2-2132-4779-9DA2-D787829F33A2}.Release|Any CPU.Build.0 = Release|Any CPU
		{E2D903D2-2132-4779-9DA2-D787829F33A2}.Release|x64.ActiveCfg = Release|Any CPU
		{E2D903D2-2132-4779-9DA2-D787829F33A2}.Release|x64.Build.0 = Release|Any CPU
		{E2D903D2-2132-4779-9DA2-D787829F33A2}.Release|x86.ActiveCfg = Release|Any CPU
		{E2D903D2-2132-4779-9DA2-D787829F33A2}.Release|x86.Build.0 = Release|Any CPU
		{B0B4EDEA-DDAB-48D4-84AC-0B14DFEC8424}.Debug|Any CPU.ActiveCfg = Debug|Any CPU
		{B0B4EDEA-DDAB-48D4-84AC-0B14DFEC8424}.Debug|Any CPU.Build.0 = Debug|Any CPU
		{B0B4EDEA-DDAB-48D4-84AC-0B14DFEC8424}.Debug|x64.ActiveCfg = Debug|Any CPU
		{B0B4EDEA-DDAB-48D4-84AC-0B14DFEC8424}.Debug|x64.Build.0 = Debug|Any CPU
		{B0B4EDEA-DDAB-48D4-84AC-0B14DFEC8424}.Debug|x86.ActiveCfg = Debug|Any CPU
		{B0B4EDEA-DDAB-48D4-84AC-0B14DFEC8424}.Debug|x86.Build.0 = Debug|Any CPU
		{B0B4EDEA-DDAB-48D4-84AC-0B14DFEC8424}.Release|Any CPU.ActiveCfg = Release|Any CPU
		{B0B4EDEA-DDAB-48D4-84AC-0B14DFEC8424}.Release|Any CPU.Build.0 = Release|Any CPU
		{B0B4EDEA-DDAB-48D4-84AC-0B14DFEC8424}.Release|x64.ActiveCfg = Release|Any CPU
		{B0B4EDEA-DDAB-48D4-84AC-0B14DFEC8424}.Release|x64.Build.0 = Release|Any CPU
		{B0B4EDEA-DDAB-48D4-84AC-0B14DFEC8424}.Release|x86.ActiveCfg = Release|Any CPU
		{B0B4EDEA-DDAB-48D4-84AC-0B14DFEC8424}.Release|x86.Build.0 = Release|Any CPU
		{BBC21761-2D96-43D4-A9F2-B8D2C30AAA39}.Debug|Any CPU.ActiveCfg = Debug|Any CPU
		{BBC21761-2D96-43D4-A9F2-B8D2C30AAA39}.Debug|Any CPU.Build.0 = Debug|Any CPU
		{BBC21761-2D96-43D4-A9F2-B8D2C30AAA39}.Debug|x64.ActiveCfg = Debug|Any CPU
		{BBC21761-2D96-43D4-A9F2-B8D2C30AAA39}.Debug|x64.Build.0 = Debug|Any CPU
		{BBC21761-2D96-43D4-A9F2-B8D2C30AAA39}.Debug|x86.ActiveCfg = Debug|Any CPU
		{BBC21761-2D96-43D4-A9F2-B8D2C30AAA39}.Debug|x86.Build.0 = Debug|Any CPU
		{BBC21761-2D96-43D4-A9F2-B8D2C30AAA39}.Release|Any CPU.ActiveCfg = Release|Any CPU
		{BBC21761-2D96-43D4-A9F2-B8D2C30AAA39}.Release|Any CPU.Build.0 = Release|Any CPU
		{BBC21761-2D96-43D4-A9F2-B8D2C30AAA39}.Release|x64.ActiveCfg = Release|Any CPU
		{BBC21761-2D96-43D4-A9F2-B8D2C30AAA39}.Release|x64.Build.0 = Release|Any CPU
		{BBC21761-2D96-43D4-A9F2-B8D2C30AAA39}.Release|x86.ActiveCfg = Release|Any CPU
		{BBC21761-2D96-43D4-A9F2-B8D2C30AAA39}.Release|x86.Build.0 = Release|Any CPU
		{D498B3B0-79EB-443E-9547-2A80D408D2AE}.Debug|Any CPU.ActiveCfg = Debug|Any CPU
		{D498B3B0-79EB-443E-9547-2A80D408D2AE}.Debug|Any CPU.Build.0 = Debug|Any CPU
		{D498B3B0-79EB-443E-9547-2A80D408D2AE}.Debug|x64.ActiveCfg = Debug|Any CPU
		{D498B3B0-79EB-443E-9547-2A80D408D2AE}.Debug|x64.Build.0 = Debug|Any CPU
		{D498B3B0-79EB-443E-9547-2A80D408D2AE}.Debug|x86.ActiveCfg = Debug|Any CPU
		{D498B3B0-79EB-443E-9547-2A80D408D2AE}.Debug|x86.Build.0 = Debug|Any CPU
		{D498B3B0-79EB-443E-9547-2A80D408D2AE}.Release|Any CPU.ActiveCfg = Release|Any CPU
		{D498B3B0-79EB-443E-9547-2A80D408D2AE}.Release|Any CPU.Build.0 = Release|Any CPU
		{D498B3B0-79EB-443E-9547-2A80D408D2AE}.Release|x64.ActiveCfg = Release|Any CPU
		{D498B3B0-79EB-443E-9547-2A80D408D2AE}.Release|x64.Build.0 = Release|Any CPU
		{D498B3B0-79EB-443E-9547-2A80D408D2AE}.Release|x86.ActiveCfg = Release|Any CPU
		{D498B3B0-79EB-443E-9547-2A80D408D2AE}.Release|x86.Build.0 = Release|Any CPU
		{87BF666D-D7EF-4974-B90B-5787507BB8CE}.Debug|Any CPU.ActiveCfg = Debug|Any CPU
		{87BF666D-D7EF-4974-B90B-5787507BB8CE}.Debug|Any CPU.Build.0 = Debug|Any CPU
		{87BF666D-D7EF-4974-B90B-5787507BB8CE}.Debug|x64.ActiveCfg = Debug|Any CPU
		{87BF666D-D7EF-4974-B90B-5787507BB8CE}.Debug|x64.Build.0 = Debug|Any CPU
		{87BF666D-D7EF-4974-B90B-5787507BB8CE}.Debug|x86.ActiveCfg = Debug|Any CPU
		{87BF666D-D7EF-4974-B90B-5787507BB8CE}.Debug|x86.Build.0 = Debug|Any CPU
		{87BF666D-D7EF-4974-B90B-5787507BB8CE}.Release|Any CPU.ActiveCfg = Release|Any CPU
		{87BF666D-D7EF-4974-B90B-5787507BB8CE}.Release|Any CPU.Build.0 = Release|Any CPU
		{87BF666D-D7EF-4974-B90B-5787507BB8CE}.Release|x64.ActiveCfg = Release|Any CPU
		{87BF666D-D7EF-4974-B90B-5787507BB8CE}.Release|x64.Build.0 = Release|Any CPU
		{87BF666D-D7EF-4974-B90B-5787507BB8CE}.Release|x86.ActiveCfg = Release|Any CPU
		{87BF666D-D7EF-4974-B90B-5787507BB8CE}.Release|x86.Build.0 = Release|Any CPU
		{232AB007-D46E-4C00-984B-0E5D4051EF50}.Debug|Any CPU.ActiveCfg = Debug|Any CPU
		{232AB007-D46E-4C00-984B-0E5D4051EF50}.Debug|Any CPU.Build.0 = Debug|Any CPU
		{232AB007-D46E-4C00-984B-0E5D4051EF50}.Debug|x64.ActiveCfg = Debug|Any CPU
		{232AB007-D46E-4C00-984B-0E5D4051EF50}.Debug|x64.Build.0 = Debug|Any CPU
		{232AB007-D46E-4C00-984B-0E5D4051EF50}.Debug|x86.ActiveCfg = Debug|Any CPU
		{232AB007-D46E-4C00-984B-0E5D4051EF50}.Debug|x86.Build.0 = Debug|Any CPU
		{232AB007-D46E-4C00-984B-0E5D4051EF50}.Release|Any CPU.ActiveCfg = Release|Any CPU
		{232AB007-D46E-4C00-984B-0E5D4051EF50}.Release|Any CPU.Build.0 = Release|Any CPU
		{232AB007-D46E-4C00-984B-0E5D4051EF50}.Release|x64.ActiveCfg = Release|Any CPU
		{232AB007-D46E-4C00-984B-0E5D4051EF50}.Release|x64.Build.0 = Release|Any CPU
		{232AB007-D46E-4C00-984B-0E5D4051EF50}.Release|x86.ActiveCfg = Release|Any CPU
		{232AB007-D46E-4C00-984B-0E5D4051EF50}.Release|x86.Build.0 = Release|Any CPU
		{B99AAB05-74F1-4D65-886E-E8060D873DBE}.Debug|Any CPU.ActiveCfg = Debug|Any CPU
		{B99AAB05-74F1-4D65-886E-E8060D873DBE}.Debug|Any CPU.Build.0 = Debug|Any CPU
		{B99AAB05-74F1-4D65-886E-E8060D873DBE}.Debug|x64.ActiveCfg = Debug|Any CPU
		{B99AAB05-74F1-4D65-886E-E8060D873DBE}.Debug|x64.Build.0 = Debug|Any CPU
		{B99AAB05-74F1-4D65-886E-E8060D873DBE}.Debug|x86.ActiveCfg = Debug|Any CPU
		{B99AAB05-74F1-4D65-886E-E8060D873DBE}.Debug|x86.Build.0 = Debug|Any CPU
		{B99AAB05-74F1-4D65-886E-E8060D873DBE}.Release|Any CPU.ActiveCfg = Release|Any CPU
		{B99AAB05-74F1-4D65-886E-E8060D873DBE}.Release|Any CPU.Build.0 = Release|Any CPU
		{B99AAB05-74F1-4D65-886E-E8060D873DBE}.Release|x64.ActiveCfg = Release|Any CPU
		{B99AAB05-74F1-4D65-886E-E8060D873DBE}.Release|x64.Build.0 = Release|Any CPU
		{B99AAB05-74F1-4D65-886E-E8060D873DBE}.Release|x86.ActiveCfg = Release|Any CPU
		{B99AAB05-74F1-4D65-886E-E8060D873DBE}.Release|x86.Build.0 = Release|Any CPU
	EndGlobalSection
	GlobalSection(SolutionProperties) = preSolution
		HideSolutionNode = FALSE
	EndGlobalSection
EndGlobal
